{
  "originHash" : "2716eafa45768b6092f5cd6598b8290ae0821dac74e21e4c52454dc9c9d74d39",
  "pins" : [
    {
      "identity" : "morphmodalkit",
      "kind" : "remoteSourceControl",
      "location" : "https://github.com/jsmmth/MorphModalKit.git",
      "state" : {
        "branch" : "main",
        "revision" : "9c6b928da883d8dff97722945d644f7df2b389dd"
      }
    },
    {
      "identity" : "onesignal-ios-sdk",
      "kind" : "remoteSourceControl",
      "location" : "https://github.com/OneSignal/OneSignal-iOS-SDK",
      "state" : {
        "revision" : "2c3b878c32b0adc8349dc1bf2509ca7decd3b27c",
        "version" : "5.2.14"
      }
    }
  ],
  "version" : 3
}
